// !$*UTF8*$!
{
	archiveVersion = 1;
	classes = {
	};
	objectVersion = 50;
	objects = {

/* Begin PBXBuildFile section */
		890CEFA223952F150079008A /* AppDelegate.swift in Sources */ = {isa = PBXBuildFile; fileRef = 890CEFA123952F150079008A /* AppDelegate.swift */; };
		890CEFA423952F150079008A /* SceneDelegate.swift in Sources */ = {isa = PBXBuildFile; fileRef = 890CEFA323952F150079008A /* SceneDelegate.swift */; };
		890CEFA623952F150079008A /* ViewController.swift in Sources */ = {isa = PBXBuildFile; fileRef = 890CEFA523952F150079008A /* ViewController.swift */; };
		890CEFA923952F150079008A /* Main.storyboard in Resources */ = {isa = PBXBuildFile; fileRef = 890CEFA723952F150079008A /* Main.storyboard */; };
		890CEFAC23952F150079008A /* animalML.xcdatamodeld in Sources */ = {isa = PBXBuildFile; fileRef = 890CEFAA23952F150079008A /* animalML.xcdatamodeld */; };
		890CEFAE23952F1D0079008A /* Assets.xcassets in Resources */ = {isa = PBXBuildFile; fileRef = 890CEFAD23952F1D0079008A /* Assets.xcassets */; };
		890CEFB123952F1D0079008A /* LaunchScreen.storyboard in Resources */ = {isa = PBXBuildFile; fileRef = 890CEFAF23952F1D0079008A /* LaunchScreen.storyboard */; };
/* End PBXBuildFile section */

/* Begin PBXFileReference section */
		890CEF9E23952F150079008A /* animalML.app */ = {isa = PBXFileReference; explicitFileType = wrapper.application; includeInIndex = 0; path = animalML.app; sourceTree = BUILT_PRODUCTS_DIR; };
		890CEFA123952F150079008A /* AppDelegate.swift */ = {isa = PBXFileReference; lastKnownFileType = sourcecode.swift; path = AppDelegate.swift; sourceTree = "<group>"; };
		890CEFA323952F150079008A /* SceneDelegate.swift */ = {isa = PBXFileReference; lastKnownFileType = sourcecode.swift; path = SceneDelegate.swift; sourceTree = "<group>"; };
		890CEFA523952F150079008A /* ViewController.swift */ = {isa = PBXFileReference; lastKnownFileType = sourcecode.swift; path = ViewController.swift; sourceTree = "<group>"; };
		890CEFA823952F150079008A /* Base */ = {isa = PBXFileReference; lastKnownFileType = file.storyboard; name = Base; path = Base.lproj/Main.storyboard; sourceTree = "<group>"; };
		890CEFAB23952F150079008A /* animalML.xcdatamodel */ = {isa = PBXFileReference; lastKnownFileType = wrapper.xcdatamodel; path = animalML.xcdatamodel; sourceTree = "<group>"; };
		890CEFAD23952F1D0079008A /* Assets.xcassets */ = {isa = PBXFileReference; lastKnownFileType = folder.assetcatalog; path = Assets.xcassets; sourceTree = "<group>"; };
		890CEFB023952F1D0079008A /* Base */ = {isa = PBXFileReference; lastKnownFileType = file.storyboard; name = Base; path = Base.lproj/LaunchScreen.storyboard; sourceTree = "<group>"; };
		890CEFB223952F1D0079008A /* Info.plist */ = {isa = PBXFileReference; lastKnownFileType = text.plist.xml; path = Info.plist; sourceTree = "<group>"; };
/* End PBXFileReference section */

/* Begin PBXFrameworksBuildPhase section */
		890CEF9B23952F150079008A /* Frameworks */ = {
			isa = PBXFrameworksBuildPhase;
			buildActionMask = 2147483647;
			files = (
			);
			runOnlyForDeploymentPostprocessing = 0;
		};
/* End PBXFrameworksBuildPhase section */

/* Begin PBXGroup section */
		890CEF9523952F150079008A = {
			isa = PBXGroup;
			children = (
				890CEFA023952F150079008A /* animalML */,
				890CEF9F23952F150079008A /* Products */,
			);
			sourceTree = "<group>";
		};
		890CEF9F23952F150079008A /* Products */ = {
			isa = PBXGroup;
			children = (
				890CEF9E23952F150079008A /* animalML.app */,
			);
			name = Products;
			sourceTree = "<group>";
		};
		890CEFA023952F150079008A /* animalML */ = {
			isa = PBXGroup;
			children = (
				890CEFA123952F150079008A /* AppDelegate.swift */,
				890CEFA323952F150079008A /* SceneDelegate.swift */,
				890CEFA523952F150079008A /* ViewController.swift */,
				890CEFA723952F150079008A /* Main.storyboard */,
				890CEFAD23952F1D0079008A /* Assets.xcassets */,
				890CEFAF23952F1D0079008A /* LaunchScreen.storyboard */,
				890CEFB223952F1D0079008A /* Info.plist */,
				890CEFAA23952F150079008A /* animalML.xcdatamodeld */,
			);
			path = animalML;
			sourceTree = "<group>";
		};
/* End PBXGroup section */

/* Begin PBXNativeTarget section */
		890CEF9D23952F150079008A /* animalML */ = {
			isa = PBXNativeTarget;
			buildConfigurationList = 890CEFB523952F1D0079008A /* Build configuration list for PBXNativeTarget "animalML" */;
			buildPhases = (
				890CEF9A23952F150079008A /* Sources */,
				890CEF9B23952F150079008A /* Frameworks */,
				890CEF9C23952F150079008A /* Resources */,
			);
			buildRules = (
			);
			dependencies = (
			);
			name = animalML;
			productName = animalML;
			productReference = 890CEF9E23952F150079008A /* animalML.app */;
			productType = "com.apple.product-type.application";
		};
/* End PBXNativeTarget section */

/* Begin PBXProject section */
		890CEF9623952F150079008A /* Project object */ = {
			isa = PBXProject;
			attributes = {
				LastSwiftUpdateCheck = 1120;
				LastUpgradeCheck = 1120;
				ORGANIZATIONNAME = "Carl Wainwright";
				TargetAttributes = {
					890CEF9D23952F150079008A = {
						CreatedOnToolsVersion = 11.2.1;
					};
				};
			};
			buildConfigurationList = 890CEF9923952F150079008A /* Build configuration list for PBXProject "animalML" */;
			compatibilityVersion = "Xcode 9.3";
			developmentRegion = en;
			hasScannedForEncodings = 0;
			knownRegions = (
				en,
				Base,
			);
			mainGroup = 890CEF9523952F150079008A;
			productRefGroup = 890CEF9F23952F150079008A /* Products */;
			projectDirPath = "";
			projectRoot = "";
			targets = (
				890CEF9D23952F150079008A /* animalML */,
			);
		};
/* End PBXProject section */

/* Begin PBXResourcesBuildPhase section */
		890CEF9C23952F150079008A /* Resources */ = {
			isa = PBXResourcesBuildPhase;
			buildActionMask = 2147483647;
			files = (
				890CEFB123952F1D0079008A /* LaunchScreen.storyboard in Resources */,
				890CEFAE23952F1D0079008A /* Assets.xcassets in Resources */,
				890CEFA923952F150079008A /* Main.storyboard in Resources */,
			);
			runOnlyForDeploymentPostprocessing = 0;
		};
/* End PBXResourcesBuildPhase section */

/* Begin PBXSourcesBuildPhase section */
		890CEF9A23952F150079008A /* Sources */ = {
			isa = PBXSourcesBuildPhase;
			buildActionMask = 2147483647;
			files = (
				890CEFAC23952F150079008A /* animalML.xcdatamodeld in Sources */,
				890CEFA623952F150079008A /* ViewController.swift in Sources */,
				890CEFA223952F150079008A /* AppDelegate.swift in Sources */,
				890CEFA423952F150079008A /* SceneDelegate.swift in Sources */,
			);
			runOnlyForDeploymentPostprocessing = 0;
		};
/* End PBXSourcesBuildPhase section */

/* Begin PBXVariantGroup section */
		890CEFA723952F150079008A /* Main.storyboard */ = {
			isa = PBXVariantGroup;
			children = (
				890CEFA823952F150079008A /* Base */,
			);
			name = Main.storyboard;
			sourceTree = "<group>";
		};
		890CEFAF23952F1D0079008A /* LaunchScreen.storyboard */ = {
			isa = PBXVariantGroup;
			children = (
				890CEFB023952F1D0079008A /* Base */,
			);
			name = LaunchScreen.storyboard;
			sourceTree = "<group>";
		};
/* End PBXVariantGroup section */

/* Begin XCBuildConfiguration section */
		890CEFB323952F1D0079008A /* Debug */ = {
			isa = XCBuildConfiguration;
			buildSettings = {
				ALWAYS_SEARCH_USER_PATHS = NO;
				CLANG_ANALYZER_NONNULL = YES;
				CLANG_ANALYZER_NUMBER_OBJECT_CONVERSION = YES_AGGRESSIVE;
				CLANG_CXX_LANGUAGE_STANDARD = "gnu++14";
				CLANG_CXX_LIBRARY = "libc++";
				CLANG_ENABLE_MODULES = YES;
				CLANG_ENABLE_OBJC_ARC = YES;
				CLANG_ENABLE_OBJC_WEAK = YES;
				CLANG_WARN_BLOCK_CAPTURE_AUTORELEASING = YES;
				CLANG_WARN_BOOL_CONVERSION = YES;
				CLANG_WARN_COMMA = YES;
				CLANG_WARN_CONSTANT_CONVERSION = YES;
				CLANG_WARN_DEPRECATED_OBJC_IMPLEMENTATIONS = YES;
				CLANG_WARN_DIRECT_OBJC_ISA_USAGE = YES_ERROR;
				CLANG_WARN_DOCUMENTATION_COMMENTS = YES;
				CLANG_WARN_EMPTY_BODY = YES;
				CLANG_WARN_ENUM_CONVERSION = YES;
				CLANG_WARN_INFINITE_RECURSION = YES;
				CLANG_WARN_INT_CONVERSION = YES;
				CLANG_WARN_NON_LITERAL_NULL_CONVERSION = YES;
				CLANG_WARN_OBJC_IMPLICIT_RETAIN_SELF = YES;
				CLANG_WARN_OBJC_LITERAL_CONVERSION = YES;
				CLANG_WARN_OBJC_ROOT_CLASS = YES_ERROR;
				CLANG_WARN_RANGE_LOOP_ANALYSIS = YES;
				CLANG_WARN_STRICT_PROTOTYPES = YES;
				CLANG_WARN_SUSPICIOUS_MOVE = YES;
				CLANG_WARN_UNGUARDED_AVAILABILITY = YES_AGGRESSIVE;
				CLANG_WARN_UNREACHABLE_CODE = YES;
				CLANG_WARN__DUPLICATE_METHOD_MATCH = YES;
				COPY_PHASE_STRIP = NO;
				DEBUG_INFORMATION_FORMAT = dwarf;
				ENABLE_STRICT_OBJC_MSGSEND = YES;
				ENABLE_TESTABILITY = YES;
				GCC_C_LANGUAGE_STANDARD = gnu11;
				GCC_DYNAMIC_NO_PIC = NO;
				GCC_NO_COMMON_BLOCKS = YES;
				GCC_OPTIMIZATION_LEVEL = 0;
				GCC_PREPROCESSOR_DEFINITIONS = (
					"DEBUG=1",
					"$(inherited)",
				);
				GCC_WARN_64_TO_32_BIT_CONVERSION = YES;
				GCC_WARN_ABOUT_RETURN_TYPE = YES_ERROR;
				GCC_WARN_UNDECLARED_SELECTOR = YES;
				GCC_WARN_UNINITIALIZED_AUTOS = YES_AGGRESSIVE;
				GCC_WARN_UNUSED_FUNCTION = YES;
				GCC_WARN_UNUSED_VARIABLE = YES;
				IPHONEOS_DEPLOYMENT_TARGET = 13.2;
				MTL_ENABLE_DEBUG_INFO = INCLUDE_SOURCE;
				MTL_FAST_MATH = YES;
				ONLY_ACTIVE_ARCH = YES;
				SDKROOT = iphoneos;
				SWIFT_ACTIVE_COMPILATION_CONDITIONS = DEBUG;
				SWIFT_OPTIMIZATION_LEVEL = "-Onone";
			};
			name = Debug;
		};
		890CEFB423952F1D0079008A /* Release */ = {
			isa = XCBuildConfiguration;
			buildSettings = {
				ALWAYS_SEARCH_USER_PATHS = NO;
				CLANG_ANALYZER_NONNULL = YES;
				CLANG_ANALYZER_NUMBER_OBJECT_CONVERSION = YES_AGGRESSIVE;
				CLANG_CXX_LANGUAGE_STANDARD = "gnu++14";
				CLANG_CXX_LIBRARY = "libc++";
				CLANG_ENABLE_MODULES = YES;
				CLANG_ENABLE_OBJC_ARC = YES;
				CLANG_ENABLE_OBJC_WEAK = YES;
				CLANG_WARN_BLOCK_CAPTURE_AUTORELEASING = YES;
				CLANG_WARN_BOOL_CONVERSION = YES;
				CLANG_WARN_COMMA = YES;
				CLANG_WARN_CONSTANT_CONVERSION = YES;
				CLANG_WARN_DEPRECATED_OBJC_IMPLEMENTATIONS = YES;
				CLANG_WARN_DIRECT_OBJC_ISA_USAGE = YES_ERROR;
				CLANG_WARN_DOCUMENTATION_COMMENTS = YES;
				CLANG_WARN_EMPTY_BODY = YES;
				CLANG_WARN_ENUM_CONVERSION = YES;
				CLANG_WARN_INFINITE_RECURSION = YES;
				CLANG_WARN_INT_CONVERSION = YES;
				CLANG_WARN_NON_LITERAL_NULL_CONVERSION = YES;
				CLANG_WARN_OBJC_IMPLICIT_RETAIN_SELF = YES;
				CLANG_WARN_OBJC_LITERAL_CONVERSION = YES;
				CLANG_WARN_OBJC_ROOT_CLASS = YES_ERROR;
				CLANG_WARN_RANGE_LOOP_ANALYSIS = YES;
				CLANG_WARN_STRICT_PROTOTYPES = YES;
				CLANG_WARN_SUSPICIOUS_MOVE = YES;
				CLANG_WARN_UNGUARDED_AVAILABILITY = YES_AGGRESSIVE;
				CLANG_WARN_UNREACHABLE_CODE = YES;
				CLANG_WARN__DUPLICATE_METHOD_MATCH = YES;
				COPY_PHASE_STRIP = NO;
				DEBUG_INFORMATION_FORMAT = "dwarf-with-dsym";
				ENABLE_NS_ASSERTIONS = NO;
				ENABLE_STRICT_OBJC_MSGSEND = YES;
				GCC_C_LANGUAGE_STANDARD = gnu11;
				GCC_NO_COMMON_BLOCKS = YES;
				GCC_WARN_64_TO_32_BIT_CONVERSION = YES;
				GCC_WARN_ABOUT_RETURN_TYPE = YES_ERROR;
				GCC_WARN_UNDECLARED_SELECTOR = YES;
				GCC_WARN_UNINITIALIZED_AUTOS = YES_AGGRESSIVE;
				GCC_WARN_UNUSED_FUNCTION = YES;
				GCC_WARN_UNUSED_VARIABLE = YES;
				IPHONEOS_DEPLOYMENT_TARGET = 13.2;
				MTL_ENABLE_DEBUG_INFO = NO;
				MTL_FAST_MATH = YES;
				SDKROOT = iphoneos;
				SWIFT_COMPILATION_MODE = wholemodule;
				SWIFT_OPTIMIZATION_LEVEL = "-O";
				VALIDATE_PRODUCT = YES;
			};
			name = Release;
		};
		890CEFB623952F1D0079008A /* Debug */ = {
			isa = XCBuildConfiguration;
			buildSettings = {
				ASSETCATALOG_COMPILER_APPICON_NAME = AppIcon;
				CODE_SIGN_STYLE = Automatic;
				DEVELOPMENT_TEAM = 2428X38UTQ;
				INFOPLIST_FILE = animalML/Info.plist;
				LD_RUNPATH_SEARCH_PATHS = (
					"$(inherited)",
					"@executable_path/Frameworks",
				);
				PRODUCT_BUNDLE_IDENTIFIER = com.carlwainwright.animalML;
				PRODUCT_NAME = "$(TARGET_NAME)";
				SWIFT_VERSION = 5.0;
				TARGETED_DEVICE_FAMILY = "1,2";
			};
			name = Debug;
		};
		890CEFB723952F1D0079008A /* Release */ = {
			isa = XCBuildConfiguration;
			buildSettings = {
				ASSETCATALOG_COMPILER_APPICON_NAME = AppIcon;
				CODE_SIGN_STYLE = Automatic;
				DEVELOPMENT_TEAM = 2428X38UTQ;
				INFOPLIST_FILE = animalML/Info.plist;
				LD_RUNPATH_SEARCH_PATHS = (
					"$(inherited)",
					"@executable_path/Frameworks",
				);
				PRODUCT_BUNDLE_IDENTIFIER = com.carlwainwright.animalML;
				PRODUCT_NAME = "$(TARGET_NAME)";
				SWIFT_VERSION = 5.0;
				TARGETED_DEVICE_FAMILY = "1,2";
			};
			name = Release;
		};
/* End XCBuildConfiguration section */

/* Begin XCConfigurationList section */
		890CEF9923952F150079008A /* Build configuration list for PBXProject "animalML" */ = {
			isa = XCConfigurationList;
			buildConfigurations = (
				890CEFB323952F1D0079008A /* Debug */,
				890CEFB423952F1D0079008A /* Release */,
			);
			defaultConfigurationIsVisible = 0;
			defaultConfigurationName = Release;
		};
		890CEFB523952F1D0079008A /* Build configuration list for PBXNativeTarget "animalML" */ = {
			isa = XCConfigurationList;
			buildConfigurations = (
				890CEFB623952F1D0079008A /* Debug */,
				890CEFB723952F1D0079008A /* Release */,
			);
			defaultConfigurationIsVisible = 0;
			defaultConfigurationName = Release;
		};
/* End XCConfigurationList section */

/* Begin XCVersionGroup section */
		890CEFAA23952F150079008A /* animalML.xcdatamodeld */ = {
			isa = XCVersionGroup;
			children = (
				890CEFAB23952F150079008A /* animalML.xcdatamodel */,
			);
			currentVersion = 890CEFAB23952F150079008A /* animalML.xcdatamodel */;
			path = animalML.xcdatamodeld;
			sourceTree = "<group>";
			versionGroupType = wrapper.xcdatamodel;
		};
/* End XCVersionGroup section */
	};
	rootObject = 890CEF9623952F150079008A /* Project object */;
}
